// !$*UTF8*$!
{
	archiveVersion = 1;
	classes = {
	};
	objectVersion = 50;
	objects = {

/* Begin PBXBuildFile section */
		77161CB723AFD2D800E7698F /* TableViewController.swift in Sources */ = {isa = PBXBuildFile; fileRef = 77161CB623AFD2D800E7698F /* TableViewController.swift */; };
		773381F823ADB56A00466C6C /* AppDelegate.swift in Sources */ = {isa = PBXBuildFile; fileRef = 773381F723ADB56A00466C6C /* AppDelegate.swift */; };
		773381FA23ADB56A00466C6C /* SceneDelegate.swift in Sources */ = {isa = PBXBuildFile; fileRef = 773381F923ADB56A00466C6C /* SceneDelegate.swift */; };
		773381FC23ADB56A00466C6C /* ViewController.swift in Sources */ = {isa = PBXBuildFile; fileRef = 773381FB23ADB56A00466C6C /* ViewController.swift */; };
		773381FF23ADB56A00466C6C /* Main.storyboard in Resources */ = {isa = PBXBuildFile; fileRef = 773381FD23ADB56A00466C6C /* Main.storyboard */; };
		7733820123ADB56B00466C6C /* Assets.xcassets in Resources */ = {isa = PBXBuildFile; fileRef = 7733820023ADB56B00466C6C /* Assets.xcassets */; };
		7733820423ADB56B00466C6C /* LaunchScreen.storyboard in Resources */ = {isa = PBXBuildFile; fileRef = 7733820223ADB56B00466C6C /* LaunchScreen.storyboard */; };
/* End PBXBuildFile section */

/* Begin PBXFileReference section */
		77161CB623AFD2D800E7698F /* TableViewController.swift */ = {isa = PBXFileReference; lastKnownFileType = sourcecode.swift; path = TableViewController.swift; sourceTree = "<group>"; };
		773381F423ADB56A00466C6C /* ScrollNavigation.app */ = {isa = PBXFileReference; explicitFileType = wrapper.application; includeInIndex = 0; path = ScrollNavigation.app; sourceTree = BUILT_PRODUCTS_DIR; };
		773381F723ADB56A00466C6C /* AppDelegate.swift */ = {isa = PBXFileReference; lastKnownFileType = sourcecode.swift; path = AppDelegate.swift; sourceTree = "<group>"; };
		773381F923ADB56A00466C6C /* SceneDelegate.swift */ = {isa = PBXFileReference; lastKnownFileType = sourcecode.swift; path = SceneDelegate.swift; sourceTree = "<group>"; };
		773381FB23ADB56A00466C6C /* ViewController.swift */ = {isa = PBXFileReference; lastKnownFileType = sourcecode.swift; path = ViewController.swift; sourceTree = "<group>"; };
		773381FE23ADB56A00466C6C /* Base */ = {isa = PBXFileReference; lastKnownFileType = file.storyboard; name = Base; path = Base.lproj/Main.storyboard; sourceTree = "<group>"; };
		7733820023ADB56B00466C6C /* Assets.xcassets */ = {isa = PBXFileReference; lastKnownFileType = folder.assetcatalog; path = Assets.xcassets; sourceTree = "<group>"; };
		7733820323ADB56B00466C6C /* Base */ = {isa = PBXFileReference; lastKnownFileType = file.storyboard; name = Base; path = Base.lproj/LaunchScreen.storyboard; sourceTree = "<group>"; };
		7733820523ADB56B00466C6C /* Info.plist */ = {isa = PBXFileReference; lastKnownFileType = text.plist.xml; path = Info.plist; sourceTree = "<group>"; };
/* End PBXFileReference section */

/* Begin PBXFrameworksBuildPhase section */
		773381F123ADB56A00466C6C /* Frameworks */ = {
			isa = PBXFrameworksBuildPhase;
			buildActionMask = 2147483647;
			files = (
			);
			runOnlyForDeploymentPostprocessing = 0;
		};
/* End PBXFrameworksBuildPhase section */

/* Begin PBXGroup section */
		773381EB23ADB56900466C6C = {
			isa = PBXGroup;
			children = (
				773381F623ADB56A00466C6C /* ScrollNavigation */,
				773381F523ADB56A00466C6C /* Products */,
			);
			sourceTree = "<group>";
		};
		773381F523ADB56A00466C6C /* Products */ = {
			isa = PBXGroup;
			children = (
				773381F423ADB56A00466C6C /* ScrollNavigation.app */,
			);
			name = Products;
			sourceTree = "<group>";
		};
		773381F623ADB56A00466C6C /* ScrollNavigation */ = {
			isa = PBXGroup;
			children = (
				773381F723ADB56A00466C6C /* AppDelegate.swift */,
				773381F923ADB56A00466C6C /* SceneDelegate.swift */,
				77161CB623AFD2D800E7698F /* TableViewController.swift */,
				773381FB23ADB56A00466C6C /* ViewController.swift */,
				773381FD23ADB56A00466C6C /* Main.storyboard */,
				7733820023ADB56B00466C6C /* Assets.xcassets */,
				7733820223ADB56B00466C6C /* LaunchScreen.storyboard */,
				7733820523ADB56B00466C6C /* Info.plist */,
			);
			path = ScrollNavigation;
			sourceTree = "<group>";
		};
/* End PBXGroup section */

/* Begin PBXNativeTarget section */
		773381F323ADB56A00466C6C /* ScrollNavigation */ = {
			isa = PBXNativeTarget;
			buildConfigurationList = 7733820823ADB56B00466C6C /* Build configuration list for PBXNativeTarget "ScrollNavigation" */;
			buildPhases = (
				773381F023ADB56A00466C6C /* Sources */,
				773381F123ADB56A00466C6C /* Frameworks */,
				773381F223ADB56A00466C6C /* Resources */,
			);
			buildRules = (
			);
			dependencies = (
			);
			name = ScrollNavigation;
			productName = ScrollNavigation;
			productReference = 773381F423ADB56A00466C6C /* ScrollNavigation.app */;
			productType = "com.apple.product-type.application";
		};
/* End PBXNativeTarget section */

/* Begin PBXProject section */
		773381EC23ADB56A00466C6C /* Project object */ = {
			isa = PBXProject;
			attributes = {
				LastSwiftUpdateCheck = 1120;
				LastUpgradeCheck = 1120;
				ORGANIZATIONNAME = MTQ;
				TargetAttributes = {
					773381F323ADB56A00466C6C = {
						CreatedOnToolsVersion = 11.2.1;
					};
				};
			};
			buildConfigurationList = 773381EF23ADB56A00466C6C /* Build configuration list for PBXProject "ScrollNavigation" */;
			compatibilityVersion = "Xcode 9.3";
			developmentRegion = en;
			hasScannedForEncodings = 0;
			knownRegions = (
				en,
				Base,
			);
			mainGroup = 773381EB23ADB56900466C6C;
			productRefGroup = 773381F523ADB56A00466C6C /* Products */;
			projectDirPath = "";
			projectRoot = "";
			targets = (
				773381F323ADB56A00466C6C /* ScrollNavigation */,
			);
		};
/* End PBXProject section */

/* Begin PBXResourcesBuildPhase section */
		773381F223ADB56A00466C6C /* Resources */ = {
			isa = PBXResourcesBuildPhase;
			buildActionMask = 2147483647;
			files = (
				7733820423ADB56B00466C6C /* LaunchScreen.storyboard in Resources */,
				7733820123ADB56B00466C6C /* Assets.xcassets in Resources */,
				773381FF23ADB56A00466C6C /* Main.storyboard in Resources */,
			);
			runOnlyForDeploymentPostprocessing = 0;
		};
/* End PBXResourcesBuildPhase section */

/* Begin PBXSourcesBuildPhase section */
		773381F023ADB56A00466C6C /* Sources */ = {
			isa = PBXSourcesBuildPhase;
			buildActionMask = 2147483647;
			files = (
				773381FC23ADB56A00466C6C /* ViewController.swift in Sources */,
				773381F823ADB56A00466C6C /* AppDelegate.swift in Sources */,
				773381FA23ADB56A00466C6C /* SceneDelegate.swift in Sources */,
				77161CB723AFD2D800E7698F /* TableViewController.swift in Sources */,
			);
			runOnlyForDeploymentPostprocessing = 0;
		};
/* End PBXSourcesBuildPhase section */

/* Begin PBXVariantGroup section */
		773381FD23ADB56A00466C6C /* Main.storyboard */ = {
			isa = PBXVariantGroup;
			children = (
				773381FE23ADB56A00466C6C /* Base */,
			);
			name = Main.storyboard;
			sourceTree = "<group>";
		};
		7733820223ADB56B00466C6C /* LaunchScreen.storyboard */ = {
			isa = PBXVariantGroup;
			children = (
				7733820323ADB56B00466C6C /* Base */,
			);
			name = LaunchScreen.storyboard;
			sourceTree = "<group>";
		};
/* End PBXVariantGroup section */

/* Begin XCBuildConfiguration section */
		7733820623ADB56B00466C6C /* Debug */ = {
			isa = XCBuildConfiguration;
			buildSettings = {
				ALWAYS_SEARCH_USER_PATHS = NO;
				CLANG_ANALYZER_NONNULL = YES;
				CLANG_ANALYZER_NUMBER_OBJECT_CONVERSION = YES_AGGRESSIVE;
				CLANG_CXX_LANGUAGE_STANDARD = "gnu++14";
				CLANG_CXX_LIBRARY = "libc++";
				CLANG_ENABLE_MODULES = YES;
				CLANG_ENABLE_OBJC_ARC = YES;
				CLANG_ENABLE_OBJC_WEAK = YES;
				CLANG_WARN_BLOCK_CAPTURE_AUTORELEASING = YES;
				CLANG_WARN_BOOL_CONVERSION = YES;
				CLANG_WARN_COMMA = YES;
				CLANG_WARN_CONSTANT_CONVERSION = YES;
				CLANG_WARN_DEPRECATED_OBJC_IMPLEMENTATIONS = YES;
				CLANG_WARN_DIRECT_OBJC_ISA_USAGE = YES_ERROR;
				CLANG_WARN_DOCUMENTATION_COMMENTS = YES;
				CLANG_WARN_EMPTY_BODY = YES;
				CLANG_WARN_ENUM_CONVERSION = YES;
				CLANG_WARN_INFINITE_RECURSION = YES;
				CLANG_WARN_INT_CONVERSION = YES;
				CLANG_WARN_NON_LITERAL_NULL_CONVERSION = YES;
				CLANG_WARN_OBJC_IMPLICIT_RETAIN_SELF = YES;
				CLANG_WARN_OBJC_LITERAL_CONVERSION = YES;
				CLANG_WARN_OBJC_ROOT_CLASS = YES_ERROR;
				CLANG_WARN_RANGE_LOOP_ANALYSIS = YES;
				CLANG_WARN_STRICT_PROTOTYPES = YES;
				CLANG_WARN_SUSPICIOUS_MOVE = YES;
				CLANG_WARN_UNGUARDED_AVAILABILITY = YES_AGGRESSIVE;
				CLANG_WARN_UNREACHABLE_CODE = YES;
				CLANG_WARN__DUPLICATE_METHOD_MATCH = YES;
				COPY_PHASE_STRIP = NO;
				DEBUG_INFORMATION_FORMAT = dwarf;
				ENABLE_STRICT_OBJC_MSGSEND = YES;
				ENABLE_TESTABILITY = YES;
				GCC_C_LANGUAGE_STANDARD = gnu11;
				GCC_DYNAMIC_NO_PIC = NO;
				GCC_NO_COMMON_BLOCKS = YES;
				GCC_OPTIMIZATION_LEVEL = 0;
				GCC_PREPROCESSOR_DEFINITIONS = (
					"DEBUG=1",
					"$(inherited)",
				);
				GCC_WARN_64_TO_32_BIT_CONVERSION = YES;
				GCC_WARN_ABOUT_RETURN_TYPE = YES_ERROR;
				GCC_WARN_UNDECLARED_SELECTOR = YES;
				GCC_WARN_UNINITIALIZED_AUTOS = YES_AGGRESSIVE;
				GCC_WARN_UNUSED_FUNCTION = YES;
				GCC_WARN_UNUSED_VARIABLE = YES;
				IPHONEOS_DEPLOYMENT_TARGET = 13.2;
				MTL_ENABLE_DEBUG_INFO = INCLUDE_SOURCE;
				MTL_FAST_MATH = YES;
				ONLY_ACTIVE_ARCH = YES;
				SDKROOT = iphoneos;
				SWIFT_ACTIVE_COMPILATION_CONDITIONS = DEBUG;
				SWIFT_OPTIMIZATION_LEVEL = "-Onone";
			};
			name = Debug;
		};
		7733820723ADB56B00466C6C /* Release */ = {
			isa = XCBuildConfiguration;
			buildSettings = {
				ALWAYS_SEARCH_USER_PATHS = NO;
				CLANG_ANALYZER_NONNULL = YES;
				CLANG_ANALYZER_NUMBER_OBJECT_CONVERSION = YES_AGGRESSIVE;
				CLANG_CXX_LANGUAGE_STANDARD = "gnu++14";
				CLANG_CXX_LIBRARY = "libc++";
				CLANG_ENABLE_MODULES = YES;
				CLANG_ENABLE_OBJC_ARC = YES;
				CLANG_ENABLE_OBJC_WEAK = YES;
				CLANG_WARN_BLOCK_CAPTURE_AUTORELEASING = YES;
				CLANG_WARN_BOOL_CONVERSION = YES;
				CLANG_WARN_COMMA = YES;
				CLANG_WARN_CONSTANT_CONVERSION = YES;
				CLANG_WARN_DEPRECATED_OBJC_IMPLEMENTATIONS = YES;
				CLANG_WARN_DIRECT_OBJC_ISA_USAGE = YES_ERROR;
				CLANG_WARN_DOCUMENTATION_COMMENTS = YES;
				CLANG_WARN_EMPTY_BODY = YES;
				CLANG_WARN_ENUM_CONVERSION = YES;
				CLANG_WARN_INFINITE_RECURSION = YES;
				CLANG_WARN_INT_CONVERSION = YES;
				CLANG_WARN_NON_LITERAL_NULL_CONVERSION = YES;
				CLANG_WARN_OBJC_IMPLICIT_RETAIN_SELF = YES;
				CLANG_WARN_OBJC_LITERAL_CONVERSION = YES;
				CLANG_WARN_OBJC_ROOT_CLASS = YES_ERROR;
				CLANG_WARN_RANGE_LOOP_ANALYSIS = YES;
				CLANG_WARN_STRICT_PROTOTYPES = YES;
				CLANG_WARN_SUSPICIOUS_MOVE = YES;
				CLANG_WARN_UNGUARDED_AVAILABILITY = YES_AGGRESSIVE;
				CLANG_WARN_UNREACHABLE_CODE = YES;
				CLANG_WARN__DUPLICATE_METHOD_MATCH = YES;
				COPY_PHASE_STRIP = NO;
				DEBUG_INFORMATION_FORMAT = "dwarf-with-dsym";
				ENABLE_NS_ASSERTIONS = NO;
				ENABLE_STRICT_OBJC_MSGSEND = YES;
				GCC_C_LANGUAGE_STANDARD = gnu11;
				GCC_NO_COMMON_BLOCKS = YES;
				GCC_WARN_64_TO_32_BIT_CONVERSION = YES;
				GCC_WARN_ABOUT_RETURN_TYPE = YES_ERROR;
				GCC_WARN_UNDECLARED_SELECTOR = YES;
				GCC_WARN_UNINITIALIZED_AUTOS = YES_AGGRESSIVE;
				GCC_WARN_UNUSED_FUNCTION = YES;
				GCC_WARN_UNUSED_VARIABLE = YES;
				IPHONEOS_DEPLOYMENT_TARGET = 13.2;
				MTL_ENABLE_DEBUG_INFO = NO;
				MTL_FAST_MATH = YES;
				SDKROOT = iphoneos;
				SWIFT_COMPILATION_MODE = wholemodule;
				SWIFT_OPTIMIZATION_LEVEL = "-O";
				VALIDATE_PRODUCT = YES;
			};
			name = Release;
		};
		7733820923ADB56B00466C6C /* Debug */ = {
			isa = XCBuildConfiguration;
			buildSettings = {
				ASSETCATALOG_COMPILER_APPICON_NAME = AppIcon;
				CODE_SIGN_STYLE = Automatic;
				DEVELOPMENT_TEAM = 3F55D8V2A7;
				INFOPLIST_FILE = ScrollNavigation/Info.plist;
				LD_RUNPATH_SEARCH_PATHS = (
					"$(inherited)",
					"@executable_path/Frameworks",
				);
				PRODUCT_BUNDLE_IDENTIFIER = vn.com.ScrollNavigation;
				PRODUCT_NAME = "$(TARGET_NAME)";
				SWIFT_VERSION = 5.0;
				TARGETED_DEVICE_FAMILY = "1,2";
			};
			name = Debug;
		};
		7733820A23ADB56B00466C6C /* Release */ = {
			isa = XCBuildConfiguration;
			buildSettings = {
				ASSETCATALOG_COMPILER_APPICON_NAME = AppIcon;
				CODE_SIGN_STYLE = Automatic;
				DEVELOPMENT_TEAM = 3F55D8V2A7;
				INFOPLIST_FILE = ScrollNavigation/Info.plist;
				LD_RUNPATH_SEARCH_PATHS = (
					"$(inherited)",
					"@executable_path/Frameworks",
				);
				PRODUCT_BUNDLE_IDENTIFIER = vn.com.ScrollNavigation;
				PRODUCT_NAME = "$(TARGET_NAME)";
				SWIFT_VERSION = 5.0;
				TARGETED_DEVICE_FAMILY = "1,2";
			};
			name = Release;
		};
/* End XCBuildConfiguration section */

/* Begin XCConfigurationList section */
		773381EF23ADB56A00466C6C /* Build configuration list for PBXProject "ScrollNavigation" */ = {
			isa = XCConfigurationList;
			buildConfigurations = (
				7733820623ADB56B00466C6C /* Debug */,
				7733820723ADB56B00466C6C /* Release */,
			);
			defaultConfigurationIsVisible = 0;
			defaultConfigurationName = Release;
		};
		7733820823ADB56B00466C6C /* Build configuration list for PBXNativeTarget "ScrollNavigation" */ = {
			isa = XCConfigurationList;
			buildConfigurations = (
				7733820923ADB56B00466C6C /* Debug */,
				7733820A23ADB56B00466C6C /* Release */,
			);
			defaultConfigurationIsVisible = 0;
			defaultConfigurationName = Release;
		};
/* End XCConfigurationList section */
	};
	rootObject = 773381EC23ADB56A00466C6C /* Project object */;
}
